
Microsoft Visual Studio Solution File, Format Version 12.00
# Visual Studio Version 17
VisualStudioVersion = 17.13.35919.96 d17.13
MinimumVisualStudioVersion = 10.0.40219.1
Project("{FAE04EC0-301F-11D3-BF4B-00C04F79EFBC}") = "laba2_db", "laba2_db\laba2_db.csproj", "{6EAB6008-06EC-4ADC-AB65-1FD1C921F640}"
EndProject
Global
	GlobalSection(SolutionConfigurationPlatforms) = preSolution
		Debug|Any CPU = Debug|Any CPU
		Release|Any CPU = Release|Any CPU
	EndGlobalSection
	GlobalSection(ProjectConfigurationPlatforms) = postSolution
		{6EAB6008-06EC-4ADC-AB65-1FD1C921F640}.Debug|Any CPU.ActiveCfg = Debug|Any CPU
		{6EAB6008-06EC-4ADC-AB65-1FD1C921F640}.Debug|Any CPU.Build.0 = Debug|Any CPU
		{6EAB6008-06EC-4ADC-AB65-1FD1C921F640}.Release|Any CPU.ActiveCfg = Release|Any CPU
		{6EAB6008-06EC-4ADC-AB65-1FD1C921F640}.Release|Any CPU.Build.0 = Release|Any CPU
	EndGlobalSection
	GlobalSection(SolutionProperties) = preSolution
		HideSolutionNode = FALSE
	EndGlobalSection
	GlobalSection(ExtensibilityGlobals) = postSolution
		SolutionGuid = {9FF39B01-B394-441B-BDA8-C5FFD3E4A09C}
	EndGlobalSection
EndGlobal
